{
  "name": "electron-react-boilerplate",
  "version": "1.3.0",
  "lockfileVersion": 1,
  "requires": true,
  "dependencies": {
    "@types/node": {
      "version": "14.6.2",
      "resolved": "https://registry.npmjs.org/@types/node/-/node-14.6.2.tgz",
      "integrity": "sha512-onlIwbaeqvZyniGPfdw/TEhKIh79pz66L1q06WUQqJLnAb6wbjvOtepLYTGHTqzdXgBYIE3ZdmqHDGsRsbBz7A==",
      "dev": true
    },
    "@types/rsocket-core": {
      "version": "0.0.5",
      "resolved": "https://registry.npmjs.org/@types/rsocket-core/-/rsocket-core-0.0.5.tgz",
      "integrity": "sha512-ARlWAs7kJGFezpaK7wGZWB5XhEqMP4NlWBqae43goLR31fLU/VmaCmlIgVOFxj5xwNO6EcUlFQBZNVNxr3Qk3Q==",
      "dev": true,
      "requires": {
        "@types/node": "*",
        "@types/rsocket-flowable": "*",
        "@types/rsocket-types": "*"
      }
    },
    "@types/rsocket-flowable": {
      "version": "0.0.5",
      "resolved": "https://registry.npmjs.org/@types/rsocket-flowable/-/rsocket-flowable-0.0.5.tgz",
      "integrity": "sha512-Xf9C8VCPqSPGXaFvnE31ifjQJACiNpxo8ujfeZ0vMHPOANxkbmiL8Crrxa3nUe1EVcFGDgmODUhLqnCcjPWjDQ==",
      "dev": true,
      "requires": {
        "@types/rsocket-types": "*"
      }
    },
    "@types/rsocket-types": {
      "version": "0.0.2",
      "resolved": "https://registry.npmjs.org/@types/rsocket-types/-/rsocket-types-0.0.2.tgz",
      "integrity": "sha512-OkyRD4t4djiznJOGo3txcBEZy+dpC5s+mfDxkD4pd++V923Xp5vTqTBFIb5YQlXpwLw5pMQJc8xTOu4JIq+cmA==",
      "dev": true,
      "requires": {
        "@types/node": "*",
        "@types/rsocket-flowable": "*"
      }
    },
    "@types/ws": {
      "version": "7.2.6",
      "resolved": "https://registry.npmjs.org/@types/ws/-/ws-7.2.6.tgz",
      "integrity": "sha512-Q07IrQUSNpr+cXU4E4LtkSIBPie5GLZyyMC1QtQYRLWz701+XcoVygGUZgvLqElq1nU4ICldMYPnexlBsg3dqQ==",
      "dev": true,
      "requires": {
        "@types/node": "*"
      }
    }
  }
}
