# THIS IS AN AUTOGENERATED FILE. DO NOT EDIT THIS FILE DIRECTLY.
# yarn lockfile v1


"@types/node@*":
  version "14.6.2"
  resolved "https://registry.yarnpkg.com/@types/node/-/node-14.6.2.tgz#264b44c5a28dfa80198fc2f7b6d3c8a054b9491f"
  integrity sha512-onlIwbaeqvZyniGPfdw/TEhKIh79pz66L1q06WUQqJLnAb6wbjvOtepLYTGHTqzdXgBYIE3ZdmqHDGsRsbBz7A==

"@types/ws@^7.2.6":
  version "7.2.6"
  resolved "https://registry.yarnpkg.com/@types/ws/-/ws-7.2.6.tgz#516cbfb818310f87b43940460e065eb912a4178d"
  integrity sha512-Q07IrQUSNpr+cXU4E4LtkSIBPie5GLZyyMC1QtQYRLWz701+XcoVygGUZgvLqElq1nU4ICldMYPnexlBsg3dqQ==
  dependencies:
    "@types/node" "*"
